{
  "name": "javascript",
  "version": "1.0.0",
  "lockfileVersion": 2,
  "requires": true,
  "packages": {
    "": {
      "name": "javascript",
      "version": "1.0.0",
      "license": "MIT",
      "dependencies": {
        "faye": "1.2.4",
        "uglify-js": "2.6.0"
      },
      "devDependencies": {
        "jest": "^29.0.0"
      }
    },
    "node_modules/faye": {
      "version": "1.2.4",
      "resolved": "https://registry.npmjs.org/faye/-/faye-1.2.4.tgz",
      "integrity": "sha512-FvwGUvABSa8DH6M3Td5UT6C24r1onV+l9wKaAW3kFmahJZ+12kMxuODI88jHG261q8738h6ibE1MiGfjODwADA=="
    },
    "node_modules/uglify-js": {
      "version": "2.6.0",
      "resolved": "https://registry.npmjs.org/uglify-js/-/uglify-js-2.6.0.tgz",
      "integrity": "sha1-zvj+H9IBRr/hsvhF8gwNwEEHg3w="
    },
    "node_modules/jest": {
      "version": "29.0.0",
      "resolved": "https://registry.npmjs.org/jest/-/jest-29.0.0.tgz",
      "integrity": "sha512-/N6PZTduNp/TYY9koKhxDxVxiUL72zRMLHeghmZVvYg+E/apbfuyzddhyh8P/J+6KoGncZoaQoaCWZBS1DK5pA==",
      "dev": true
    }
  },
  "dependencies": {
    "faye": {
      "version": "1.2.4",
      "resolved": "https://registry.npmjs.org/faye/-/faye-1.2.4.tgz",
      "integrity": "sha512-FvwGUvABSa8DH6M3Td5UT6C24r1onV+l9wKaAW3kFmahJZ+12kMxuODI88jHG261q8738h6ibE1MiGfjODwADA=="
    },
    "uglify-js": {
      "version": "2.6.0",
      "resolved": "https://registry.npmjs.org/uglify-js/-/uglify-js-2.6.0.tgz",
      "integrity": "sha1-zvj+H9IBRr/hsvhF8gwNwEEHg3w="
    }
  },
  "devDependencies": {
    "jest": {
      "version": "29.0.0",
      "resolved": "https://registry.npmjs.org/jest/-/jest-29.0.0.tgz",
      "integrity": "sha512-/N6PZTduNp/TYY9koKhxDxVxiUL72zRMLHeghmZVvYg+E/apbfuyzddhyh8P/J+6KoGncZoaQoaCWZBS1DK5pA==",
      "dev": true
    }
  }
}
