{
  "name": "javascript",
  "version": "1.0.0",
  "lockfileVersion": 2,
  "requires": true,
  "packages": {
    "": {
      "name": "javascript",
      "version": "1.0.0",
      "license": "MIT",
      "dependencies": {
        "faye": "1.2.4",
        "uglify-js": "2.4.0",
        "react-aad-msal": "2.6.4",
        "webpack-dev-server": "3.11.2"
      },
      "devDependencies": {
        "jest": "^29.0.0"
      }
    },
    "node_modules/faye": {
      "version": "1.2.4",
      "resolved": "https://registry.npmjs.org/faye/-/faye-1.2.4.tgz",
      "integrity": "sha512-FvwGUvABSa8DH6M3Td5UT6C24r1onV+l9wKaAW3kFmahJZ+12kMxuODI88jHG261q8738h6ibE1MiGfjODwADA=="
    },
    "node_modules/uglify-js": {
      "version": "2.4.0",
      "resolved": "https://registry.npmjs.org/uglify-js/-/uglify-js-2.4.0.tgz",
      "integrity": "sha1-d3cQk6Tc5gucKh5ub03LwORK8IQ="
    },
    "node_modules/react-aad-msal": {
      "version": "2.6.4",
      "resolved": "https://registry.npmjs.org/react-aad-msal/-/react-aad-msal-2.6.4.tgz",
      "integrity": "sha512-MjW/thDhkVh++w8kCgcfwU+YusRU1uu7A2SmTQ9G6YZ6PJ12wXwKp2Bd/wb6W9L3n6TuQhd95n1WaU/sUnpOKA=="
    },
    "node_modules/jest": {
      "version": "29.0.0",
      "resolved": "https://registry.npmjs.org/jest/-/jest-29.0.0.tgz",
      "integrity": "sha512-/N6PZTduNp/TYY9koKhxDxVxiUL72zRMLHeghmZVvYg+E/apbfuyzddhyh8P/J+6KoGncZoaQoaCWZBS1DK5pA==",
      "dev": true
    },
    "node_modules/webpack-dev-server": {
      "version": "3.11.2",
      "resolved": "https://registry.npmjs.org/webpack-dev-server/-/webpack-dev-server-3.11.2.tgz",
      "integrity": "sha512-cVXOGjTAzjvlD3NZnsxUGRpQnXRBk2qSKZKqKiKfRTrMoeCNPWhKlppMG2gaDW4TadYWosGii8bZoQxxU9rE5Q=="
    }
  },
  "dependencies": {
    "faye": {
      "version": "1.2.4",
      "resolved": "https://registry.npmjs.org/faye/-/faye-1.2.4.tgz",
      "integrity": "sha512-FvwGUvABSa8DH6M3Td5UT6C24r1onV+l9wKaAW3kFmahJZ+12kMxuODI88jHG261q8738h6ibE1MiGfjODwADA=="
    },
    "uglify-js": {
      "version": "2.4.0",
      "resolved": "https://registry.npmjs.org/uglify-js/-/uglify-js-2.4.0.tgz",
      "integrity": "sha1-d3cQk6Tc5gucKh5ub03LwORK8IQ="
    },
    "react-aad-msal": {
      "version": "2.6.4",
      "resolved": "https://registry.npmjs.org/react-aad-msal/-/react-aad-msal-2.6.4.tgz",
      "integrity": "sha512-MjW/thDhkVh++w8kCgcfwU+YusRU1uu7A2SmTQ9G6YZ6PJ12wXwKp2Bd/wb6W9L3n6TuQhd95n1WaU/sUnpOKA=="
    },
    "webpack-dev-server": {
      "version": "3.11.2",
      "resolved": "https://registry.npmjs.org/webpack-dev-server/-/webpack-dev-server-3.11.2.tgz",
      "integrity": "sha512-cVXOGjTAzjvlD3NZnsxUGRpQnXRBk2qSKZKqKiKfRTrMoeCNPWhKlppMG2gaDW4TadYWosGii8bZoQxxU9rE5Q=="
    }
  },
  "devDependencies": {
    "jest": {
      "version": "29.0.0",
      "resolved": "https://registry.npmjs.org/jest/-/jest-29.0.0.tgz",
      "integrity": "sha512-/N6PZTduNp/TYY9koKhxDxVxiUL72zRMLHeghmZVvYg+E/apbfuyzddhyh8P/J+6KoGncZoaQoaCWZBS1DK5pA==",
      "dev": true
    }
  }
}
